
Microsoft Visual Studio Solution File, Format Version 12.00
# Visual Studio Version 16
VisualStudioVersion = 16.0.31515.178
MinimumVisualStudioVersion = 10.0.40219.1
Project("{FAE04EC0-301F-11D3-BF4B-00C04F79EFBC}") = "TransportePublico", "TransportePublico\TransportePublico.csproj", "{D9C2EA5E-EF97-4277-A6F3-3C3184775D89}"
EndProject
Global
	GlobalSection(SolutionConfigurationPlatforms) = preSolution
		Debug|Any CPU = Debug|Any CPU
		Release|Any CPU = Release|Any CPU
	EndGlobalSection
	GlobalSection(ProjectConfigurationPlatforms) = postSolution
		{D9C2EA5E-EF97-4277-A6F3-3C3184775D89}.Debug|Any CPU.ActiveCfg = Debug|Any CPU
		{D9C2EA5E-EF97-4277-A6F3-3C3184775D89}.Debug|Any CPU.Build.0 = Debug|Any CPU
		{D9C2EA5E-EF97-4277-A6F3-3C3184775D89}.Release|Any CPU.ActiveCfg = Release|Any CPU
		{D9C2EA5E-EF97-4277-A6F3-3C3184775D89}.Release|Any CPU.Build.0 = Release|Any CPU
	EndGlobalSection
	GlobalSection(SolutionProperties) = preSolution
		HideSolutionNode = FALSE
	EndGlobalSection
	GlobalSection(ExtensibilityGlobals) = postSolution
		SolutionGuid = {3C0630F7-228A-445F-8410-6C3AD20BCEEB}
	EndGlobalSection
EndGlobal
